
Microsoft Visual Studio Solution File, Format Version 12.00
# Visual Studio Version 17
VisualStudioVersion = 17.5.002.0
MinimumVisualStudioVersion = 10.0.40219.1
Project("{9A19103F-16F7-4668-BE54-9A1E7A4F7556}") = "Priority Queue", "Priority Queue.csproj", "{3EF1BF81-ED01-4284-BD2B-682412586B7A}"
EndProject
Global
	GlobalSection(SolutionConfigurationPlatforms) = preSolution
		Debug|Any CPU = Debug|Any CPU
		Release|Any CPU = Release|Any CPU
	EndGlobalSection
	GlobalSection(ProjectConfigurationPlatforms) = postSolution
		{3EF1BF81-ED01-4284-BD2B-682412586B7A}.Debug|Any CPU.ActiveCfg = Debug|Any CPU
		{3EF1BF81-ED01-4284-BD2B-682412586B7A}.Debug|Any CPU.Build.0 = Debug|Any CPU
		{3EF1BF81-ED01-4284-BD2B-682412586B7A}.Release|Any CPU.ActiveCfg = Release|Any CPU
		{3EF1BF81-ED01-4284-BD2B-682412586B7A}.Release|Any CPU.Build.0 = Release|Any CPU
	EndGlobalSection
	GlobalSection(SolutionProperties) = preSolution
		HideSolutionNode = FALSE
	EndGlobalSection
	GlobalSection(ExtensibilityGlobals) = postSolution
		SolutionGuid = {C14CF073-A407-4C0B-96A8-4099F76DCCF7}
	EndGlobalSection
EndGlobal
