
Microsoft Visual Studio Solution File, Format Version 12.00
# Visual Studio Version 17
VisualStudioVersion = 17.5.002.0
MinimumVisualStudioVersion = 10.0.40219.1
Project("{9A19103F-16F7-4668-BE54-9A1E7A4F7556}") = "Linked List", "Linked List.csproj", "{6C98B01F-1B9E-48CF-B974-614B4DB459DD}"
EndProject
Global
	GlobalSection(SolutionConfigurationPlatforms) = preSolution
		Debug|Any CPU = Debug|Any CPU
		Release|Any CPU = Release|Any CPU
	EndGlobalSection
	GlobalSection(ProjectConfigurationPlatforms) = postSolution
		{6C98B01F-1B9E-48CF-B974-614B4DB459DD}.Debug|Any CPU.ActiveCfg = Debug|Any CPU
		{6C98B01F-1B9E-48CF-B974-614B4DB459DD}.Debug|Any CPU.Build.0 = Debug|Any CPU
		{6C98B01F-1B9E-48CF-B974-614B4DB459DD}.Release|Any CPU.ActiveCfg = Release|Any CPU
		{6C98B01F-1B9E-48CF-B974-614B4DB459DD}.Release|Any CPU.Build.0 = Release|Any CPU
	EndGlobalSection
	GlobalSection(SolutionProperties) = preSolution
		HideSolutionNode = FALSE
	EndGlobalSection
	GlobalSection(ExtensibilityGlobals) = postSolution
		SolutionGuid = {D004A77F-EBCF-403C-81F2-F32AE506FE69}
	EndGlobalSection
EndGlobal
